github.com/dimasma0305/php-parser-go v0.1.0 h1:uHcu0ARU4GWld8AaRBLt7s+fLgnlc6lcUiQqju4THMU=
github.com/dimasma0305/php-parser-go v0.1.0/go.mod h1:8DpCL8mSYrhoKYhJ7Zcph+koWfrbAMOdiq9S4kvHscI=
github.com/dimasma0305/php-parser-go v0.1.1 h1:7ymBCyZQlUKB5id6SYz7gxJPBX+4daqMe8jQKVwhLOc=
github.com/dimasma0305/php-parser-go v0.1.1/go.mod h1:8DpCL8mSYrhoKYhJ7Zcph+koWfrbAMOdiq9S4kvHscI=
